// !$*UTF8*$!
{
	archiveVersion = 1;
	classes = {
	};
	objectVersion = 55;
	objects = {

/* Begin PBXBuildFile section */
		05C209EC0C44B9B13275766A /* Pods_ChatterBox_ChatterBoxUITests.framework in Frameworks */ = {isa = PBXBuildFile; fileRef = 0FEEE965A2A539F6A9AD4E2C /* Pods_ChatterBox_ChatterBoxUITests.framework */; };
		755343F3269664B000709080 /* AppDelegate.swift in Sources */ = {isa = PBXBuildFile; fileRef = 755343F2269664B000709080 /* AppDelegate.swift */; };
		755343F5269664B000709080 /* SceneDelegate.swift in Sources */ = {isa = PBXBuildFile; fileRef = 755343F4269664B000709080 /* SceneDelegate.swift */; };
		755343F7269664B000709080 /* ViewController.swift in Sources */ = {isa = PBXBuildFile; fileRef = 755343F6269664B000709080 /* ViewController.swift */; };
		755343FC269664B400709080 /* Assets.xcassets in Resources */ = {isa = PBXBuildFile; fileRef = 755343FB269664B400709080 /* Assets.xcassets */; };
		755343FF269664B400709080 /* LaunchScreen.storyboard in Resources */ = {isa = PBXBuildFile; fileRef = 755343FD269664B400709080 /* LaunchScreen.storyboard */; };
		7553440A269664B500709080 /* ChatterBoxTests.swift in Sources */ = {isa = PBXBuildFile; fileRef = 75534409269664B500709080 /* ChatterBoxTests.swift */; };
		75534414269664B500709080 /* ChatterBoxUITests.swift in Sources */ = {isa = PBXBuildFile; fileRef = 75534413269664B500709080 /* ChatterBoxUITests.swift */; };
		755344212696691B00709080 /* Welcome.storyboard in Resources */ = {isa = PBXBuildFile; fileRef = 755344202696691B00709080 /* Welcome.storyboard */; };
		7598D758269B7E7C00731D50 /* ViewController+UI.swift in Sources */ = {isa = PBXBuildFile; fileRef = 7598D757269B7E7C00731D50 /* ViewController+UI.swift */; };
		7598D75A269B89B000731D50 /* SignUpViewController.swift in Sources */ = {isa = PBXBuildFile; fileRef = 7598D759269B89B000731D50 /* SignUpViewController.swift */; };
		7598D75C269B993300731D50 /* SignUpViewController+UI.swift in Sources */ = {isa = PBXBuildFile; fileRef = 7598D75B269B993300731D50 /* SignUpViewController+UI.swift */; };
		7598D75E269F5ACC00731D50 /* SignInViewController.swift in Sources */ = {isa = PBXBuildFile; fileRef = 7598D75D269F5ACC00731D50 /* SignInViewController.swift */; };
		7598D760269F5D7800731D50 /* SignInViewController+UI.swift in Sources */ = {isa = PBXBuildFile; fileRef = 7598D75F269F5D7800731D50 /* SignInViewController+UI.swift */; };
		7598D762269F66C700731D50 /* ForgotPasswordViewController.swift in Sources */ = {isa = PBXBuildFile; fileRef = 7598D761269F66C700731D50 /* ForgotPasswordViewController.swift */; };
		7598D764269F66E300731D50 /* ForgotPassowordViewController+UI.swift in Sources */ = {isa = PBXBuildFile; fileRef = 7598D763269F66E300731D50 /* ForgotPassowordViewController+UI.swift */; };
		7598D766269F978200731D50 /* GoogleService-Info.plist in Resources */ = {isa = PBXBuildFile; fileRef = 7598D765269F978100731D50 /* GoogleService-Info.plist */; };
		75D4883026A34FF90096FD9E /* SignUpViewController.swift in Sources */ = {isa = PBXBuildFile; fileRef = 7598D759269B89B000731D50 /* SignUpViewController.swift */; };
		75D4883226A47D490096FD9E /* API.swift in Sources */ = {isa = PBXBuildFile; fileRef = 75D4883126A47D490096FD9E /* API.swift */; };
		75D4883426A47E8C0096FD9E /* UserAPI.swift in Sources */ = {isa = PBXBuildFile; fileRef = 75D4883326A47E8C0096FD9E /* UserAPI.swift */; };
		75D4883926A4900B0096FD9E /* StorageService.swift in Sources */ = {isa = PBXBuildFile; fileRef = 75D4883826A4900B0096FD9E /* StorageService.swift */; };
		75D4883B26A4A0310096FD9E /* Ref.swift in Sources */ = {isa = PBXBuildFile; fileRef = 75D4883A26A4A0310096FD9E /* Ref.swift */; };
		BDEF6F96C2CB28693D0011E9 /* Pods_ChatterBox.framework in Frameworks */ = {isa = PBXBuildFile; fileRef = 37393CB84CA059C1B9550F66 /* Pods_ChatterBox.framework */; };
		C2B2EF9E3EAEDF36F8F370DB /* Pods_ChatterBoxTests.framework in Frameworks */ = {isa = PBXBuildFile; fileRef = 8BD66F5A2326619EA2EAEF7A /* Pods_ChatterBoxTests.framework */; };
/* End PBXBuildFile section */

/* Begin PBXContainerItemProxy section */
		75534406269664B500709080 /* PBXContainerItemProxy */ = {
			isa = PBXContainerItemProxy;
			containerPortal = 755343E7269664B000709080 /* Project object */;
			proxyType = 1;
			remoteGlobalIDString = 755343EE269664B000709080;
			remoteInfo = ChatterBox;
		};
		75534410269664B500709080 /* PBXContainerItemProxy */ = {
			isa = PBXContainerItemProxy;
			containerPortal = 755343E7269664B000709080 /* Project object */;
			proxyType = 1;
			remoteGlobalIDString = 755343EE269664B000709080;
			remoteInfo = ChatterBox;
		};
/* End PBXContainerItemProxy section */

/* Begin PBXFileReference section */
		022E8C5E128DE9F86FD04ACC /* Pods-ChatterBoxTests.release.xcconfig */ = {isa = PBXFileReference; includeInIndex = 1; lastKnownFileType = text.xcconfig; name = "Pods-ChatterBoxTests.release.xcconfig"; path = "Target Support Files/Pods-ChatterBoxTests/Pods-ChatterBoxTests.release.xcconfig"; sourceTree = "<group>"; };
		0FEEE965A2A539F6A9AD4E2C /* Pods_ChatterBox_ChatterBoxUITests.framework */ = {isa = PBXFileReference; explicitFileType = wrapper.framework; includeInIndex = 0; path = Pods_ChatterBox_ChatterBoxUITests.framework; sourceTree = BUILT_PRODUCTS_DIR; };
		25C5DAA8982BBA8902DE1405 /* Pods-ChatterBoxTests.debug.xcconfig */ = {isa = PBXFileReference; includeInIndex = 1; lastKnownFileType = text.xcconfig; name = "Pods-ChatterBoxTests.debug.xcconfig"; path = "Target Support Files/Pods-ChatterBoxTests/Pods-ChatterBoxTests.debug.xcconfig"; sourceTree = "<group>"; };
		37393CB84CA059C1B9550F66 /* Pods_ChatterBox.framework */ = {isa = PBXFileReference; explicitFileType = wrapper.framework; includeInIndex = 0; path = Pods_ChatterBox.framework; sourceTree = BUILT_PRODUCTS_DIR; };
		62E2725D9D2EAE6FF3E46DF8 /* Pods-ChatterBox.release.xcconfig */ = {isa = PBXFileReference; includeInIndex = 1; lastKnownFileType = text.xcconfig; name = "Pods-ChatterBox.release.xcconfig"; path = "Target Support Files/Pods-ChatterBox/Pods-ChatterBox.release.xcconfig"; sourceTree = "<group>"; };
		755343EF269664B000709080 /* ChatterBox.app */ = {isa = PBXFileReference; explicitFileType = wrapper.application; includeInIndex = 0; path = ChatterBox.app; sourceTree = BUILT_PRODUCTS_DIR; };
		755343F2269664B000709080 /* AppDelegate.swift */ = {isa = PBXFileReference; lastKnownFileType = sourcecode.swift; path = AppDelegate.swift; sourceTree = "<group>"; };
		755343F4269664B000709080 /* SceneDelegate.swift */ = {isa = PBXFileReference; lastKnownFileType = sourcecode.swift; path = SceneDelegate.swift; sourceTree = "<group>"; };
		755343F6269664B000709080 /* ViewController.swift */ = {isa = PBXFileReference; lastKnownFileType = sourcecode.swift; path = ViewController.swift; sourceTree = "<group>"; };
		755343FB269664B400709080 /* Assets.xcassets */ = {isa = PBXFileReference; lastKnownFileType = folder.assetcatalog; path = Assets.xcassets; sourceTree = "<group>"; };
		755343FE269664B400709080 /* Base */ = {isa = PBXFileReference; lastKnownFileType = file.storyboard; name = Base; path = Base.lproj/LaunchScreen.storyboard; sourceTree = "<group>"; };
		75534400269664B400709080 /* Info.plist */ = {isa = PBXFileReference; lastKnownFileType = text.plist.xml; path = Info.plist; sourceTree = "<group>"; };
		75534405269664B500709080 /* ChatterBoxTests.xctest */ = {isa = PBXFileReference; explicitFileType = wrapper.cfbundle; includeInIndex = 0; path = ChatterBoxTests.xctest; sourceTree = BUILT_PRODUCTS_DIR; };
		75534409269664B500709080 /* ChatterBoxTests.swift */ = {isa = PBXFileReference; lastKnownFileType = sourcecode.swift; path = ChatterBoxTests.swift; sourceTree = "<group>"; };
		7553440F269664B500709080 /* ChatterBoxUITests.xctest */ = {isa = PBXFileReference; explicitFileType = wrapper.cfbundle; includeInIndex = 0; path = ChatterBoxUITests.xctest; sourceTree = BUILT_PRODUCTS_DIR; };
		75534413269664B500709080 /* ChatterBoxUITests.swift */ = {isa = PBXFileReference; lastKnownFileType = sourcecode.swift; path = ChatterBoxUITests.swift; sourceTree = "<group>"; };
		755344202696691B00709080 /* Welcome.storyboard */ = {isa = PBXFileReference; lastKnownFileType = file.storyboard; path = Welcome.storyboard; sourceTree = "<group>"; };
		7598D757269B7E7C00731D50 /* ViewController+UI.swift */ = {isa = PBXFileReference; lastKnownFileType = sourcecode.swift; path = "ViewController+UI.swift"; sourceTree = "<group>"; };
		7598D759269B89B000731D50 /* SignUpViewController.swift */ = {isa = PBXFileReference; lastKnownFileType = sourcecode.swift; path = SignUpViewController.swift; sourceTree = "<group>"; };
		7598D75B269B993300731D50 /* SignUpViewController+UI.swift */ = {isa = PBXFileReference; lastKnownFileType = sourcecode.swift; path = "SignUpViewController+UI.swift"; sourceTree = "<group>"; };
		7598D75D269F5ACC00731D50 /* SignInViewController.swift */ = {isa = PBXFileReference; lastKnownFileType = sourcecode.swift; path = SignInViewController.swift; sourceTree = "<group>"; };
		7598D75F269F5D7800731D50 /* SignInViewController+UI.swift */ = {isa = PBXFileReference; lastKnownFileType = sourcecode.swift; path = "SignInViewController+UI.swift"; sourceTree = "<group>"; };
		7598D761269F66C700731D50 /* ForgotPasswordViewController.swift */ = {isa = PBXFileReference; lastKnownFileType = sourcecode.swift; path = ForgotPasswordViewController.swift; sourceTree = "<group>"; };
		7598D763269F66E300731D50 /* ForgotPassowordViewController+UI.swift */ = {isa = PBXFileReference; lastKnownFileType = sourcecode.swift; path = "ForgotPassowordViewController+UI.swift"; sourceTree = "<group>"; };
		7598D765269F978100731D50 /* GoogleService-Info.plist */ = {isa = PBXFileReference; fileEncoding = 4; lastKnownFileType = text.plist.xml; path = "GoogleService-Info.plist"; sourceTree = "<group>"; };
		75D4883126A47D490096FD9E /* API.swift */ = {isa = PBXFileReference; lastKnownFileType = sourcecode.swift; path = API.swift; sourceTree = "<group>"; };
		75D4883326A47E8C0096FD9E /* UserAPI.swift */ = {isa = PBXFileReference; lastKnownFileType = sourcecode.swift; path = UserAPI.swift; sourceTree = "<group>"; };
		75D4883826A4900B0096FD9E /* StorageService.swift */ = {isa = PBXFileReference; lastKnownFileType = sourcecode.swift; path = StorageService.swift; sourceTree = "<group>"; };
		75D4883A26A4A0310096FD9E /* Ref.swift */ = {isa = PBXFileReference; lastKnownFileType = sourcecode.swift; path = Ref.swift; sourceTree = "<group>"; };
		8BD66F5A2326619EA2EAEF7A /* Pods_ChatterBoxTests.framework */ = {isa = PBXFileReference; explicitFileType = wrapper.framework; includeInIndex = 0; path = Pods_ChatterBoxTests.framework; sourceTree = BUILT_PRODUCTS_DIR; };
		A67703A54D7BEE9F286C016F /* Pods-ChatterBox.debug.xcconfig */ = {isa = PBXFileReference; includeInIndex = 1; lastKnownFileType = text.xcconfig; name = "Pods-ChatterBox.debug.xcconfig"; path = "Target Support Files/Pods-ChatterBox/Pods-ChatterBox.debug.xcconfig"; sourceTree = "<group>"; };
		C18C8E00C4F9D66B4ED13FC9 /* Pods-ChatterBox-ChatterBoxUITests.debug.xcconfig */ = {isa = PBXFileReference; includeInIndex = 1; lastKnownFileType = text.xcconfig; name = "Pods-ChatterBox-ChatterBoxUITests.debug.xcconfig"; path = "Target Support Files/Pods-ChatterBox-ChatterBoxUITests/Pods-ChatterBox-ChatterBoxUITests.debug.xcconfig"; sourceTree = "<group>"; };
		CEF403F51C977E3DF76153F6 /* Pods-ChatterBox-ChatterBoxUITests.release.xcconfig */ = {isa = PBXFileReference; includeInIndex = 1; lastKnownFileType = text.xcconfig; name = "Pods-ChatterBox-ChatterBoxUITests.release.xcconfig"; path = "Target Support Files/Pods-ChatterBox-ChatterBoxUITests/Pods-ChatterBox-ChatterBoxUITests.release.xcconfig"; sourceTree = "<group>"; };
/* End PBXFileReference section */

/* Begin PBXFrameworksBuildPhase section */
		755343EC269664B000709080 /* Frameworks */ = {
			isa = PBXFrameworksBuildPhase;
			buildActionMask = 2147483647;
			files = (
				BDEF6F96C2CB28693D0011E9 /* Pods_ChatterBox.framework in Frameworks */,
			);
			runOnlyForDeploymentPostprocessing = 0;
		};
		75534402269664B500709080 /* Frameworks */ = {
			isa = PBXFrameworksBuildPhase;
			buildActionMask = 2147483647;
			files = (
				C2B2EF9E3EAEDF36F8F370DB /* Pods_ChatterBoxTests.framework in Frameworks */,
			);
			runOnlyForDeploymentPostprocessing = 0;
		};
		7553440C269664B500709080 /* Frameworks */ = {
			isa = PBXFrameworksBuildPhase;
			buildActionMask = 2147483647;
			files = (
				05C209EC0C44B9B13275766A /* Pods_ChatterBox_ChatterBoxUITests.framework in Frameworks */,
			);
			runOnlyForDeploymentPostprocessing = 0;
		};
/* End PBXFrameworksBuildPhase section */

/* Begin PBXGroup section */
		5478C0D5A2E201319AF18EA0 /* Frameworks */ = {
			isa = PBXGroup;
			children = (
				37393CB84CA059C1B9550F66 /* Pods_ChatterBox.framework */,
				0FEEE965A2A539F6A9AD4E2C /* Pods_ChatterBox_ChatterBoxUITests.framework */,
				8BD66F5A2326619EA2EAEF7A /* Pods_ChatterBoxTests.framework */,
			);
			name = Frameworks;
			sourceTree = "<group>";
		};
		755343E6269664B000709080 = {
			isa = PBXGroup;
			children = (
				755343F1269664B000709080 /* ChatterBox */,
				75534408269664B500709080 /* ChatterBoxTests */,
				75534412269664B500709080 /* ChatterBoxUITests */,
				755343F0269664B000709080 /* Products */,
				BB58C449862F3B7D57D9703D /* Pods */,
				5478C0D5A2E201319AF18EA0 /* Frameworks */,
			);
			sourceTree = "<group>";
			wrapsLines = 0;
		};
		755343F0269664B000709080 /* Products */ = {
			isa = PBXGroup;
			children = (
				755343EF269664B000709080 /* ChatterBox.app */,
				75534405269664B500709080 /* ChatterBoxTests.xctest */,
				7553440F269664B500709080 /* ChatterBoxUITests.xctest */,
			);
			name = Products;
			sourceTree = "<group>";
		};
		755343F1269664B000709080 /* ChatterBox */ = {
			isa = PBXGroup;
			children = (
				75D4883626A48D460096FD9E /* Controllers */,
				75D4883526A48D2A0096FD9E /* Api */,
				75D4883726A48DB80096FD9E /* Controller+UI */,
				755343F2269664B000709080 /* AppDelegate.swift */,
				755343F4269664B000709080 /* SceneDelegate.swift */,
				7598D761269F66C700731D50 /* ForgotPasswordViewController.swift */,
				7598D763269F66E300731D50 /* ForgotPassowordViewController+UI.swift */,
				75D4883A26A4A0310096FD9E /* Ref.swift */,
				755343FB269664B400709080 /* Assets.xcassets */,
				755344202696691B00709080 /* Welcome.storyboard */,
				755343FD269664B400709080 /* LaunchScreen.storyboard */,
				75534400269664B400709080 /* Info.plist */,
				7598D765269F978100731D50 /* GoogleService-Info.plist */,
			);
			path = ChatterBox;
			sourceTree = "<group>";
		};
		75534408269664B500709080 /* ChatterBoxTests */ = {
			isa = PBXGroup;
			children = (
				75534409269664B500709080 /* ChatterBoxTests.swift */,
			);
			path = ChatterBoxTests;
			sourceTree = "<group>";
		};
		75534412269664B500709080 /* ChatterBoxUITests */ = {
			isa = PBXGroup;
			children = (
				75534413269664B500709080 /* ChatterBoxUITests.swift */,
			);
			path = ChatterBoxUITests;
			sourceTree = "<group>";
		};
		75D4883526A48D2A0096FD9E /* Api */ = {
			isa = PBXGroup;
			children = (
				75D4883326A47E8C0096FD9E /* UserAPI.swift */,
				75D4883126A47D490096FD9E /* API.swift */,
			);
			path = Api;
			sourceTree = "<group>";
		};
		75D4883626A48D460096FD9E /* Controllers */ = {
			isa = PBXGroup;
			children = (
				755343F6269664B000709080 /* ViewController.swift */,
				7598D759269B89B000731D50 /* SignUpViewController.swift */,
				7598D75D269F5ACC00731D50 /* SignInViewController.swift */,
			);
			path = Controllers;
			sourceTree = "<group>";
		};
		75D4883726A48DB80096FD9E /* Controller+UI */ = {
			isa = PBXGroup;
			children = (
				7598D75B269B993300731D50 /* SignUpViewController+UI.swift */,
				7598D75F269F5D7800731D50 /* SignInViewController+UI.swift */,
				7598D757269B7E7C00731D50 /* ViewController+UI.swift */,
				75D4883826A4900B0096FD9E /* StorageService.swift */,
			);
			path = "Controller+UI";
			sourceTree = "<group>";
		};
		BB58C449862F3B7D57D9703D /* Pods */ = {
			isa = PBXGroup;
			children = (
				A67703A54D7BEE9F286C016F /* Pods-ChatterBox.debug.xcconfig */,
				62E2725D9D2EAE6FF3E46DF8 /* Pods-ChatterBox.release.xcconfig */,
				C18C8E00C4F9D66B4ED13FC9 /* Pods-ChatterBox-ChatterBoxUITests.debug.xcconfig */,
				CEF403F51C977E3DF76153F6 /* Pods-ChatterBox-ChatterBoxUITests.release.xcconfig */,
				25C5DAA8982BBA8902DE1405 /* Pods-ChatterBoxTests.debug.xcconfig */,
				022E8C5E128DE9F86FD04ACC /* Pods-ChatterBoxTests.release.xcconfig */,
			);
			path = Pods;
			sourceTree = "<group>";
		};
/* End PBXGroup section */

/* Begin PBXNativeTarget section */
		755343EE269664B000709080 /* ChatterBox */ = {
			isa = PBXNativeTarget;
			buildConfigurationList = 75534417269664B500709080 /* Build configuration list for PBXNativeTarget "ChatterBox" */;
			buildPhases = (
				B20C20A6FC5032E5C94992DE /* [CP] Check Pods Manifest.lock */,
				755343EB269664B000709080 /* Sources */,
				755343EC269664B000709080 /* Frameworks */,
				755343ED269664B000709080 /* Resources */,
				61D6C7AD709D93D77A5B246D /* [CP] Embed Pods Frameworks */,
			);
			buildRules = (
			);
			dependencies = (
			);
			name = ChatterBox;
			productName = ChatterBox;
			productReference = 755343EF269664B000709080 /* ChatterBox.app */;
			productType = "com.apple.product-type.application";
		};
		75534404269664B500709080 /* ChatterBoxTests */ = {
			isa = PBXNativeTarget;
			buildConfigurationList = 7553441A269664B500709080 /* Build configuration list for PBXNativeTarget "ChatterBoxTests" */;
			buildPhases = (
				E8EBB8608296BF1D964059EE /* [CP] Check Pods Manifest.lock */,
				75534401269664B500709080 /* Sources */,
				75534402269664B500709080 /* Frameworks */,
				75534403269664B500709080 /* Resources */,
			);
			buildRules = (
			);
			dependencies = (
				75534407269664B500709080 /* PBXTargetDependency */,
			);
			name = ChatterBoxTests;
			productName = ChatterBoxTests;
			productReference = 75534405269664B500709080 /* ChatterBoxTests.xctest */;
			productType = "com.apple.product-type.bundle.unit-test";
		};
		7553440E269664B500709080 /* ChatterBoxUITests */ = {
			isa = PBXNativeTarget;
			buildConfigurationList = 7553441D269664B500709080 /* Build configuration list for PBXNativeTarget "ChatterBoxUITests" */;
			buildPhases = (
				3BA0D5DADA3EB01E98061D01 /* [CP] Check Pods Manifest.lock */,
				7553440B269664B500709080 /* Sources */,
				7553440C269664B500709080 /* Frameworks */,
				7553440D269664B500709080 /* Resources */,
				C9C06D6F5DDF4AE3F64C4A60 /* [CP] Embed Pods Frameworks */,
			);
			buildRules = (
			);
			dependencies = (
				75534411269664B500709080 /* PBXTargetDependency */,
			);
			name = ChatterBoxUITests;
			productName = ChatterBoxUITests;
			productReference = 7553440F269664B500709080 /* ChatterBoxUITests.xctest */;
			productType = "com.apple.product-type.bundle.ui-testing";
		};
/* End PBXNativeTarget section */

/* Begin PBXProject section */
		755343E7269664B000709080 /* Project object */ = {
			isa = PBXProject;
			attributes = {
				BuildIndependentTargetsInParallel = 1;
				LastSwiftUpdateCheck = 1300;
				LastUpgradeCheck = 1300;
				TargetAttributes = {
					755343EE269664B000709080 = {
						CreatedOnToolsVersion = 13.0;
					};
					75534404269664B500709080 = {
						CreatedOnToolsVersion = 13.0;
						TestTargetID = 755343EE269664B000709080;
					};
					7553440E269664B500709080 = {
						CreatedOnToolsVersion = 13.0;
						TestTargetID = 755343EE269664B000709080;
					};
				};
			};
			buildConfigurationList = 755343EA269664B000709080 /* Build configuration list for PBXProject "ChatterBox" */;
			compatibilityVersion = "Xcode 13.0";
			developmentRegion = en;
			hasScannedForEncodings = 0;
			knownRegions = (
				en,
				Base,
			);
			mainGroup = 755343E6269664B000709080;
			productRefGroup = 755343F0269664B000709080 /* Products */;
			projectDirPath = "";
			projectRoot = "";
			targets = (
				755343EE269664B000709080 /* ChatterBox */,
				75534404269664B500709080 /* ChatterBoxTests */,
				7553440E269664B500709080 /* ChatterBoxUITests */,
			);
		};
/* End PBXProject section */

/* Begin PBXResourcesBuildPhase section */
		755343ED269664B000709080 /* Resources */ = {
			isa = PBXResourcesBuildPhase;
			buildActionMask = 2147483647;
			files = (
				755343FF269664B400709080 /* LaunchScreen.storyboard in Resources */,
				7598D766269F978200731D50 /* GoogleService-Info.plist in Resources */,
				755344212696691B00709080 /* Welcome.storyboard in Resources */,
				755343FC269664B400709080 /* Assets.xcassets in Resources */,
			);
			runOnlyForDeploymentPostprocessing = 0;
		};
		75534403269664B500709080 /* Resources */ = {
			isa = PBXResourcesBuildPhase;
			buildActionMask = 2147483647;
			files = (
			);
			runOnlyForDeploymentPostprocessing = 0;
		};
		7553440D269664B500709080 /* Resources */ = {
			isa = PBXResourcesBuildPhase;
			buildActionMask = 2147483647;
			files = (
			);
			runOnlyForDeploymentPostprocessing = 0;
		};
/* End PBXResourcesBuildPhase section */

/* Begin PBXShellScriptBuildPhase section */
		3BA0D5DADA3EB01E98061D01 /* [CP] Check Pods Manifest.lock */ = {
			isa = PBXShellScriptBuildPhase;
			buildActionMask = 2147483647;
			files = (
			);
			inputFileListPaths = (
			);
			inputPaths = (
				"${PODS_PODFILE_DIR_PATH}/Podfile.lock",
				"${PODS_ROOT}/Manifest.lock",
			);
			name = "[CP] Check Pods Manifest.lock";
			outputFileListPaths = (
			);
			outputPaths = (
				"$(DERIVED_FILE_DIR)/Pods-ChatterBox-ChatterBoxUITests-checkManifestLockResult.txt",
			);
			runOnlyForDeploymentPostprocessing = 0;
			shellPath = /bin/sh;
			shellScript = "diff \"${PODS_PODFILE_DIR_PATH}/Podfile.lock\" \"${PODS_ROOT}/Manifest.lock\" > /dev/null\nif [ $? != 0 ] ; then\n    # print error to STDERR\n    echo \"error: The sandbox is not in sync with the Podfile.lock. Run 'pod install' or update your CocoaPods installation.\" >&2\n    exit 1\nfi\n# This output is used by Xcode 'outputs' to avoid re-running this script phase.\necho \"SUCCESS\" > \"${SCRIPT_OUTPUT_FILE_0}\"\n";
			showEnvVarsInLog = 0;
		};
		61D6C7AD709D93D77A5B246D /* [CP] Embed Pods Frameworks */ = {
			isa = PBXShellScriptBuildPhase;
			buildActionMask = 2147483647;
			files = (
			);
			inputFileListPaths = (
				"${PODS_ROOT}/Target Support Files/Pods-ChatterBox/Pods-ChatterBox-frameworks-${CONFIGURATION}-input-files.xcfilelist",
			);
			name = "[CP] Embed Pods Frameworks";
			outputFileListPaths = (
				"${PODS_ROOT}/Target Support Files/Pods-ChatterBox/Pods-ChatterBox-frameworks-${CONFIGURATION}-output-files.xcfilelist",
			);
			runOnlyForDeploymentPostprocessing = 0;
			shellPath = /bin/sh;
			shellScript = "\"${PODS_ROOT}/Target Support Files/Pods-ChatterBox/Pods-ChatterBox-frameworks.sh\"\n";
			showEnvVarsInLog = 0;
		};
		B20C20A6FC5032E5C94992DE /* [CP] Check Pods Manifest.lock */ = {
			isa = PBXShellScriptBuildPhase;
			buildActionMask = 2147483647;
			files = (
			);
			inputFileListPaths = (
			);
			inputPaths = (
				"${PODS_PODFILE_DIR_PATH}/Podfile.lock",
				"${PODS_ROOT}/Manifest.lock",
			);
			name = "[CP] Check Pods Manifest.lock";
			outputFileListPaths = (
			);
			outputPaths = (
				"$(DERIVED_FILE_DIR)/Pods-ChatterBox-checkManifestLockResult.txt",
			);
			runOnlyForDeploymentPostprocessing = 0;
			shellPath = /bin/sh;
			shellScript = "diff \"${PODS_PODFILE_DIR_PATH}/Podfile.lock\" \"${PODS_ROOT}/Manifest.lock\" > /dev/null\nif [ $? != 0 ] ; then\n    # print error to STDERR\n    echo \"error: The sandbox is not in sync with the Podfile.lock. Run 'pod install' or update your CocoaPods installation.\" >&2\n    exit 1\nfi\n# This output is used by Xcode 'outputs' to avoid re-running this script phase.\necho \"SUCCESS\" > \"${SCRIPT_OUTPUT_FILE_0}\"\n";
			showEnvVarsInLog = 0;
		};
		C9C06D6F5DDF4AE3F64C4A60 /* [CP] Embed Pods Frameworks */ = {
			isa = PBXShellScriptBuildPhase;
			buildActionMask = 2147483647;
			files = (
			);
			inputFileListPaths = (
				"${PODS_ROOT}/Target Support Files/Pods-ChatterBox-ChatterBoxUITests/Pods-ChatterBox-ChatterBoxUITests-frameworks-${CONFIGURATION}-input-files.xcfilelist",
			);
			name = "[CP] Embed Pods Frameworks";
			outputFileListPaths = (
				"${PODS_ROOT}/Target Support Files/Pods-ChatterBox-ChatterBoxUITests/Pods-ChatterBox-ChatterBoxUITests-frameworks-${CONFIGURATION}-output-files.xcfilelist",
			);
			runOnlyForDeploymentPostprocessing = 0;
			shellPath = /bin/sh;
			shellScript = "\"${PODS_ROOT}/Target Support Files/Pods-ChatterBox-ChatterBoxUITests/Pods-ChatterBox-ChatterBoxUITests-frameworks.sh\"\n";
			showEnvVarsInLog = 0;
		};
		E8EBB8608296BF1D964059EE /* [CP] Check Pods Manifest.lock */ = {
			isa = PBXShellScriptBuildPhase;
			buildActionMask = 2147483647;
			files = (
			);
			inputFileListPaths = (
			);
			inputPaths = (
				"${PODS_PODFILE_DIR_PATH}/Podfile.lock",
				"${PODS_ROOT}/Manifest.lock",
			);
			name = "[CP] Check Pods Manifest.lock";
			outputFileListPaths = (
			);
			outputPaths = (
				"$(DERIVED_FILE_DIR)/Pods-ChatterBoxTests-checkManifestLockResult.txt",
			);
			runOnlyForDeploymentPostprocessing = 0;
			shellPath = /bin/sh;
			shellScript = "diff \"${PODS_PODFILE_DIR_PATH}/Podfile.lock\" \"${PODS_ROOT}/Manifest.lock\" > /dev/null\nif [ $? != 0 ] ; then\n    # print error to STDERR\n    echo \"error: The sandbox is not in sync with the Podfile.lock. Run 'pod install' or update your CocoaPods installation.\" >&2\n    exit 1\nfi\n# This output is used by Xcode 'outputs' to avoid re-running this script phase.\necho \"SUCCESS\" > \"${SCRIPT_OUTPUT_FILE_0}\"\n";
			showEnvVarsInLog = 0;
		};
/* End PBXShellScriptBuildPhase section */

/* Begin PBXSourcesBuildPhase section */
		755343EB269664B000709080 /* Sources */ = {
			isa = PBXSourcesBuildPhase;
			buildActionMask = 2147483647;
			files = (
				75D4883226A47D490096FD9E /* API.swift in Sources */,
				75D4883B26A4A0310096FD9E /* Ref.swift in Sources */,
				7598D764269F66E300731D50 /* ForgotPassowordViewController+UI.swift in Sources */,
				7598D760269F5D7800731D50 /* SignInViewController+UI.swift in Sources */,
				7598D75E269F5ACC00731D50 /* SignInViewController.swift in Sources */,
				7598D75C269B993300731D50 /* SignUpViewController+UI.swift in Sources */,
				75D4883426A47E8C0096FD9E /* UserAPI.swift in Sources */,
				755343F7269664B000709080 /* ViewController.swift in Sources */,
				75D4883926A4900B0096FD9E /* StorageService.swift in Sources */,
				755343F3269664B000709080 /* AppDelegate.swift in Sources */,
				7598D762269F66C700731D50 /* ForgotPasswordViewController.swift in Sources */,
				7598D758269B7E7C00731D50 /* ViewController+UI.swift in Sources */,
				755343F5269664B000709080 /* SceneDelegate.swift in Sources */,
				7598D75A269B89B000731D50 /* SignUpViewController.swift in Sources */,
			);
			runOnlyForDeploymentPostprocessing = 0;
		};
		75534401269664B500709080 /* Sources */ = {
			isa = PBXSourcesBuildPhase;
			buildActionMask = 2147483647;
			files = (
				7553440A269664B500709080 /* ChatterBoxTests.swift in Sources */,
			);
			runOnlyForDeploymentPostprocessing = 0;
		};
		7553440B269664B500709080 /* Sources */ = {
			isa = PBXSourcesBuildPhase;
			buildActionMask = 2147483647;
			files = (
				75D4883026A34FF90096FD9E /* SignUpViewController.swift in Sources */,
				75534414269664B500709080 /* ChatterBoxUITests.swift in Sources */,
			);
			runOnlyForDeploymentPostprocessing = 0;
		};
/* End PBXSourcesBuildPhase section */

/* Begin PBXTargetDependency section */
		75534407269664B500709080 /* PBXTargetDependency */ = {
			isa = PBXTargetDependency;
			target = 755343EE269664B000709080 /* ChatterBox */;
			targetProxy = 75534406269664B500709080 /* PBXContainerItemProxy */;
		};
		75534411269664B500709080 /* PBXTargetDependency */ = {
			isa = PBXTargetDependency;
			target = 755343EE269664B000709080 /* ChatterBox */;
			targetProxy = 75534410269664B500709080 /* PBXContainerItemProxy */;
		};
/* End PBXTargetDependency section */

/* Begin PBXVariantGroup section */
		755343FD269664B400709080 /* LaunchScreen.storyboard */ = {
			isa = PBXVariantGroup;
			children = (
				755343FE269664B400709080 /* Base */,
			);
			name = LaunchScreen.storyboard;
			sourceTree = "<group>";
		};
/* End PBXVariantGroup section */

/* Begin XCBuildConfiguration section */
		75534415269664B500709080 /* Debug */ = {
			isa = XCBuildConfiguration;
			buildSettings = {
				ALWAYS_SEARCH_USER_PATHS = NO;
				CLANG_ANALYZER_NONNULL = YES;
				CLANG_ANALYZER_NUMBER_OBJECT_CONVERSION = YES_AGGRESSIVE;
				CLANG_CXX_LANGUAGE_STANDARD = "gnu++14";
				CLANG_CXX_LIBRARY = "libc++";
				CLANG_ENABLE_MODULES = YES;
				CLANG_ENABLE_OBJC_ARC = YES;
				CLANG_ENABLE_OBJC_WEAK = YES;
				CLANG_WARN_BLOCK_CAPTURE_AUTORELEASING = YES;
				CLANG_WARN_BOOL_CONVERSION = YES;
				CLANG_WARN_COMMA = YES;
				CLANG_WARN_CONSTANT_CONVERSION = YES;
				CLANG_WARN_DEPRECATED_OBJC_IMPLEMENTATIONS = YES;
				CLANG_WARN_DIRECT_OBJC_ISA_USAGE = YES_ERROR;
				CLANG_WARN_DOCUMENTATION_COMMENTS = YES;
				CLANG_WARN_EMPTY_BODY = YES;
				CLANG_WARN_ENUM_CONVERSION = YES;
				CLANG_WARN_INFINITE_RECURSION = YES;
				CLANG_WARN_INT_CONVERSION = YES;
				CLANG_WARN_NON_LITERAL_NULL_CONVERSION = YES;
				CLANG_WARN_OBJC_IMPLICIT_RETAIN_SELF = YES;
				CLANG_WARN_OBJC_LITERAL_CONVERSION = YES;
				CLANG_WARN_OBJC_ROOT_CLASS = YES_ERROR;
				CLANG_WARN_QUOTED_INCLUDE_IN_FRAMEWORK_HEADER = YES;
				CLANG_WARN_RANGE_LOOP_ANALYSIS = YES;
				CLANG_WARN_STRICT_PROTOTYPES = YES;
				CLANG_WARN_SUSPICIOUS_MOVE = YES;
				CLANG_WARN_UNGUARDED_AVAILABILITY = YES_AGGRESSIVE;
				CLANG_WARN_UNREACHABLE_CODE = YES;
				CLANG_WARN__DUPLICATE_METHOD_MATCH = YES;
				COPY_PHASE_STRIP = NO;
				DEBUG_INFORMATION_FORMAT = dwarf;
				ENABLE_STRICT_OBJC_MSGSEND = YES;
				ENABLE_TESTABILITY = YES;
				GCC_C_LANGUAGE_STANDARD = gnu11;
				GCC_DYNAMIC_NO_PIC = NO;
				GCC_NO_COMMON_BLOCKS = YES;
				GCC_OPTIMIZATION_LEVEL = 0;
				GCC_PREPROCESSOR_DEFINITIONS = (
					"DEBUG=1",
					"$(inherited)",
				);
				GCC_WARN_64_TO_32_BIT_CONVERSION = YES;
				GCC_WARN_ABOUT_RETURN_TYPE = YES_ERROR;
				GCC_WARN_UNDECLARED_SELECTOR = YES;
				GCC_WARN_UNINITIALIZED_AUTOS = YES_AGGRESSIVE;
				GCC_WARN_UNUSED_FUNCTION = YES;
				GCC_WARN_UNUSED_VARIABLE = YES;
				IPHONEOS_DEPLOYMENT_TARGET = 15.0;
				MTL_ENABLE_DEBUG_INFO = INCLUDE_SOURCE;
				MTL_FAST_MATH = YES;
				ONLY_ACTIVE_ARCH = YES;
				SDKROOT = iphoneos;
				SWIFT_ACTIVE_COMPILATION_CONDITIONS = DEBUG;
				SWIFT_OPTIMIZATION_LEVEL = "-Onone";
			};
			name = Debug;
		};
		75534416269664B500709080 /* Release */ = {
			isa = XCBuildConfiguration;
			buildSettings = {
				ALWAYS_SEARCH_USER_PATHS = NO;
				CLANG_ANALYZER_NONNULL = YES;
				CLANG_ANALYZER_NUMBER_OBJECT_CONVERSION = YES_AGGRESSIVE;
				CLANG_CXX_LANGUAGE_STANDARD = "gnu++14";
				CLANG_CXX_LIBRARY = "libc++";
				CLANG_ENABLE_MODULES = YES;
				CLANG_ENABLE_OBJC_ARC = YES;
				CLANG_ENABLE_OBJC_WEAK = YES;
				CLANG_WARN_BLOCK_CAPTURE_AUTORELEASING = YES;
				CLANG_WARN_BOOL_CONVERSION = YES;
				CLANG_WARN_COMMA = YES;
				CLANG_WARN_CONSTANT_CONVERSION = YES;
				CLANG_WARN_DEPRECATED_OBJC_IMPLEMENTATIONS = YES;
				CLANG_WARN_DIRECT_OBJC_ISA_USAGE = YES_ERROR;
				CLANG_WARN_DOCUMENTATION_COMMENTS = YES;
				CLANG_WARN_EMPTY_BODY = YES;
				CLANG_WARN_ENUM_CONVERSION = YES;
				CLANG_WARN_INFINITE_RECURSION = YES;
				CLANG_WARN_INT_CONVERSION = YES;
				CLANG_WARN_NON_LITERAL_NULL_CONVERSION = YES;
				CLANG_WARN_OBJC_IMPLICIT_RETAIN_SELF = YES;
				CLANG_WARN_OBJC_LITERAL_CONVERSION = YES;
				CLANG_WARN_OBJC_ROOT_CLASS = YES_ERROR;
				CLANG_WARN_QUOTED_INCLUDE_IN_FRAMEWORK_HEADER = YES;
				CLANG_WARN_RANGE_LOOP_ANALYSIS = YES;
				CLANG_WARN_STRICT_PROTOTYPES = YES;
				CLANG_WARN_SUSPICIOUS_MOVE = YES;
				CLANG_WARN_UNGUARDED_AVAILABILITY = YES_AGGRESSIVE;
				CLANG_WARN_UNREACHABLE_CODE = YES;
				CLANG_WARN__DUPLICATE_METHOD_MATCH = YES;
				COPY_PHASE_STRIP = NO;
				DEBUG_INFORMATION_FORMAT = "dwarf-with-dsym";
				ENABLE_NS_ASSERTIONS = NO;
				ENABLE_STRICT_OBJC_MSGSEND = YES;
				GCC_C_LANGUAGE_STANDARD = gnu11;
				GCC_NO_COMMON_BLOCKS = YES;
				GCC_WARN_64_TO_32_BIT_CONVERSION = YES;
				GCC_WARN_ABOUT_RETURN_TYPE = YES_ERROR;
				GCC_WARN_UNDECLARED_SELECTOR = YES;
				GCC_WARN_UNINITIALIZED_AUTOS = YES_AGGRESSIVE;
				GCC_WARN_UNUSED_FUNCTION = YES;
				GCC_WARN_UNUSED_VARIABLE = YES;
				IPHONEOS_DEPLOYMENT_TARGET = 15.0;
				MTL_ENABLE_DEBUG_INFO = NO;
				MTL_FAST_MATH = YES;
				SDKROOT = iphoneos;
				SWIFT_COMPILATION_MODE = wholemodule;
				SWIFT_OPTIMIZATION_LEVEL = "-O";
				VALIDATE_PRODUCT = YES;
			};
			name = Release;
		};
		75534418269664B500709080 /* Debug */ = {
			isa = XCBuildConfiguration;
			baseConfigurationReference = A67703A54D7BEE9F286C016F /* Pods-ChatterBox.debug.xcconfig */;
			buildSettings = {
				ASSETCATALOG_COMPILER_APPICON_NAME = AppIcon;
				ASSETCATALOG_COMPILER_GLOBAL_ACCENT_COLOR_NAME = AccentColor;
				CODE_SIGN_STYLE = Automatic;
				CURRENT_PROJECT_VERSION = 1;
				DEVELOPMENT_TEAM = QFQW29JWKY;
				GENERATE_INFOPLIST_FILE = YES;
				INFOPLIST_FILE = ChatterBox/Info.plist;
				INFOPLIST_KEY_CFBundleExecutable = ChatterBox;
				INFOPLIST_KEY_CFBundleName = ChatterBox;
				INFOPLIST_KEY_CFBundleVersion = 1;
				INFOPLIST_KEY_UIApplicationSupportsIndirectInputEvents = YES;
				INFOPLIST_KEY_UILaunchStoryboardName = LaunchScreen;
				INFOPLIST_KEY_UIMainStoryboardFile = Welcome;
				INFOPLIST_KEY_UISupportedInterfaceOrientations_iPad = "UIInterfaceOrientationPortrait UIInterfaceOrientationPortraitUpsideDown UIInterfaceOrientationLandscapeLeft UIInterfaceOrientationLandscapeRight";
				INFOPLIST_KEY_UISupportedInterfaceOrientations_iPhone = "UIInterfaceOrientationPortrait UIInterfaceOrientationLandscapeLeft UIInterfaceOrientationLandscapeRight";
				LD_RUNPATH_SEARCH_PATHS = (
					"$(inherited)",
					"@executable_path/Frameworks",
				);
				MARKETING_VERSION = 1.0;
				PRODUCT_BUNDLE_IDENTIFIER = com.ChatterBox.ChatterBox;
				PRODUCT_NAME = "$(TARGET_NAME)";
				SWIFT_EMIT_LOC_STRINGS = YES;
				SWIFT_VERSION = 5.0;
				TARGETED_DEVICE_FAMILY = "1,2";
			};
			name = Debug;
		};
		75534419269664B500709080 /* Release */ = {
			isa = XCBuildConfiguration;
			baseConfigurationReference = 62E2725D9D2EAE6FF3E46DF8 /* Pods-ChatterBox.release.xcconfig */;
			buildSettings = {
				ASSETCATALOG_COMPILER_APPICON_NAME = AppIcon;
				ASSETCATALOG_COMPILER_GLOBAL_ACCENT_COLOR_NAME = AccentColor;
				CODE_SIGN_STYLE = Automatic;
				CURRENT_PROJECT_VERSION = 1;
				DEVELOPMENT_TEAM = QFQW29JWKY;
				GENERATE_INFOPLIST_FILE = YES;
				INFOPLIST_FILE = ChatterBox/Info.plist;
				INFOPLIST_KEY_CFBundleExecutable = ChatterBox;
				INFOPLIST_KEY_CFBundleName = ChatterBox;
				INFOPLIST_KEY_CFBundleVersion = 1;
				INFOPLIST_KEY_UIApplicationSupportsIndirectInputEvents = YES;
				INFOPLIST_KEY_UILaunchStoryboardName = LaunchScreen;
				INFOPLIST_KEY_UIMainStoryboardFile = Welcome;
				INFOPLIST_KEY_UISupportedInterfaceOrientations_iPad = "UIInterfaceOrientationPortrait UIInterfaceOrientationPortraitUpsideDown UIInterfaceOrientationLandscapeLeft UIInterfaceOrientationLandscapeRight";
				INFOPLIST_KEY_UISupportedInterfaceOrientations_iPhone = "UIInterfaceOrientationPortrait UIInterfaceOrientationLandscapeLeft UIInterfaceOrientationLandscapeRight";
				LD_RUNPATH_SEARCH_PATHS = (
					"$(inherited)",
					"@executable_path/Frameworks",
				);
				MARKETING_VERSION = 1.0;
				PRODUCT_BUNDLE_IDENTIFIER = com.ChatterBox.ChatterBox;
				PRODUCT_NAME = "$(TARGET_NAME)";
				SWIFT_EMIT_LOC_STRINGS = YES;
				SWIFT_VERSION = 5.0;
				TARGETED_DEVICE_FAMILY = "1,2";
			};
			name = Release;
		};
		7553441B269664B500709080 /* Debug */ = {
			isa = XCBuildConfiguration;
			baseConfigurationReference = 25C5DAA8982BBA8902DE1405 /* Pods-ChatterBoxTests.debug.xcconfig */;
			buildSettings = {
				ALWAYS_EMBED_SWIFT_STANDARD_LIBRARIES = YES;
				BUNDLE_LOADER = "$(TEST_HOST)";
				CODE_SIGN_STYLE = Automatic;
				CURRENT_PROJECT_VERSION = 1;
				DEVELOPMENT_TEAM = QFQW29JWKY;
				GENERATE_INFOPLIST_FILE = YES;
				IPHONEOS_DEPLOYMENT_TARGET = 15.0;
				LD_RUNPATH_SEARCH_PATHS = (
					"$(inherited)",
					"@executable_path/Frameworks",
					"@loader_path/Frameworks",
				);
				MARKETING_VERSION = 1.0;
				PRODUCT_BUNDLE_IDENTIFIER = com.ChatterBox.ChatterBoxTests;
				PRODUCT_NAME = "$(TARGET_NAME)";
				SWIFT_EMIT_LOC_STRINGS = NO;
				SWIFT_VERSION = 5.0;
				TARGETED_DEVICE_FAMILY = "1,2";
				TEST_HOST = "$(BUILT_PRODUCTS_DIR)/ChatterBox.app/ChatterBox";
			};
			name = Debug;
		};
		7553441C269664B500709080 /* Release */ = {
			isa = XCBuildConfiguration;
			baseConfigurationReference = 022E8C5E128DE9F86FD04ACC /* Pods-ChatterBoxTests.release.xcconfig */;
			buildSettings = {
				ALWAYS_EMBED_SWIFT_STANDARD_LIBRARIES = YES;
				BUNDLE_LOADER = "$(TEST_HOST)";
				CODE_SIGN_STYLE = Automatic;
				CURRENT_PROJECT_VERSION = 1;
				DEVELOPMENT_TEAM = QFQW29JWKY;
				GENERATE_INFOPLIST_FILE = YES;
				IPHONEOS_DEPLOYMENT_TARGET = 15.0;
				LD_RUNPATH_SEARCH_PATHS = (
					"$(inherited)",
					"@executable_path/Frameworks",
					"@loader_path/Frameworks",
				);
				MARKETING_VERSION = 1.0;
				PRODUCT_BUNDLE_IDENTIFIER = com.ChatterBox.ChatterBoxTests;
				PRODUCT_NAME = "$(TARGET_NAME)";
				SWIFT_EMIT_LOC_STRINGS = NO;
				SWIFT_VERSION = 5.0;
				TARGETED_DEVICE_FAMILY = "1,2";
				TEST_HOST = "$(BUILT_PRODUCTS_DIR)/ChatterBox.app/ChatterBox";
			};
			name = Release;
		};
		7553441E269664B500709080 /* Debug */ = {
			isa = XCBuildConfiguration;
			baseConfigurationReference = C18C8E00C4F9D66B4ED13FC9 /* Pods-ChatterBox-ChatterBoxUITests.debug.xcconfig */;
			buildSettings = {
				ALWAYS_EMBED_SWIFT_STANDARD_LIBRARIES = YES;
				CODE_SIGN_STYLE = Automatic;
				CURRENT_PROJECT_VERSION = 1;
				DEVELOPMENT_TEAM = QFQW29JWKY;
				GENERATE_INFOPLIST_FILE = YES;
				LD_RUNPATH_SEARCH_PATHS = (
					"$(inherited)",
					"@executable_path/Frameworks",
					"@loader_path/Frameworks",
				);
				MARKETING_VERSION = 1.0;
				PRODUCT_BUNDLE_IDENTIFIER = com.ChatterBox.ChatterBoxUITests;
				PRODUCT_NAME = "$(TARGET_NAME)";
				SWIFT_EMIT_LOC_STRINGS = NO;
				SWIFT_VERSION = 5.0;
				TARGETED_DEVICE_FAMILY = "1,2";
				TEST_TARGET_NAME = ChatterBox;
			};
			name = Debug;
		};
		7553441F269664B500709080 /* Release */ = {
			isa = XCBuildConfiguration;
			baseConfigurationReference = CEF403F51C977E3DF76153F6 /* Pods-ChatterBox-ChatterBoxUITests.release.xcconfig */;
			buildSettings = {
				ALWAYS_EMBED_SWIFT_STANDARD_LIBRARIES = YES;
				CODE_SIGN_STYLE = Automatic;
				CURRENT_PROJECT_VERSION = 1;
				DEVELOPMENT_TEAM = QFQW29JWKY;
				GENERATE_INFOPLIST_FILE = YES;
				LD_RUNPATH_SEARCH_PATHS = (
					"$(inherited)",
					"@executable_path/Frameworks",
					"@loader_path/Frameworks",
				);
				MARKETING_VERSION = 1.0;
				PRODUCT_BUNDLE_IDENTIFIER = com.ChatterBox.ChatterBoxUITests;
				PRODUCT_NAME = "$(TARGET_NAME)";
				SWIFT_EMIT_LOC_STRINGS = NO;
				SWIFT_VERSION = 5.0;
				TARGETED_DEVICE_FAMILY = "1,2";
				TEST_TARGET_NAME = ChatterBox;
			};
			name = Release;
		};
/* End XCBuildConfiguration section */

/* Begin XCConfigurationList section */
		755343EA269664B000709080 /* Build configuration list for PBXProject "ChatterBox" */ = {
			isa = XCConfigurationList;
			buildConfigurations = (
				75534415269664B500709080 /* Debug */,
				75534416269664B500709080 /* Release */,
			);
			defaultConfigurationIsVisible = 0;
			defaultConfigurationName = Release;
		};
		75534417269664B500709080 /* Build configuration list for PBXNativeTarget "ChatterBox" */ = {
			isa = XCConfigurationList;
			buildConfigurations = (
				75534418269664B500709080 /* Debug */,
				75534419269664B500709080 /* Release */,
			);
			defaultConfigurationIsVisible = 0;
			defaultConfigurationName = Release;
		};
		7553441A269664B500709080 /* Build configuration list for PBXNativeTarget "ChatterBoxTests" */ = {
			isa = XCConfigurationList;
			buildConfigurations = (
				7553441B269664B500709080 /* Debug */,
				7553441C269664B500709080 /* Release */,
			);
			defaultConfigurationIsVisible = 0;
			defaultConfigurationName = Release;
		};
		7553441D269664B500709080 /* Build configuration list for PBXNativeTarget "ChatterBoxUITests" */ = {
			isa = XCConfigurationList;
			buildConfigurations = (
				7553441E269664B500709080 /* Debug */,
				7553441F269664B500709080 /* Release */,
			);
			defaultConfigurationIsVisible = 0;
			defaultConfigurationName = Release;
		};
/* End XCConfigurationList section */
	};
	rootObject = 755343E7269664B000709080 /* Project object */;
}
